
Microsoft Visual Studio Solution File, Format Version 12.00
# Visual Studio 15
VisualStudioVersion = 15.0.28010.2046
MinimumVisualStudioVersion = 10.0.40219.1
Project("{9A19103F-16F7-4668-BE54-9A1E7A4F7556}") = "Starter.API", "Starter.API\Starter.API.csproj", "{99ABB459-83BA-4A86-B3F8-38688C3D37A0}"
EndProject
Project("{FAE04EC0-301F-11D3-BF4B-00C04F79EFBC}") = "Starter.Data", "Starter.Data\Starter.Data.csproj", "{32799049-2E36-44D8-B9AC-460E49E5DFCC}"
EndProject
Global
	GlobalSection(SolutionConfigurationPlatforms) = preSolution
		Debug|Any CPU = Debug|Any CPU
		Release|Any CPU = Release|Any CPU
	EndGlobalSection
	GlobalSection(ProjectConfigurationPlatforms) = postSolution
		{99ABB459-83BA-4A86-B3F8-38688C3D37A0}.Debug|Any CPU.ActiveCfg = Debug|Any CPU
		{99ABB459-83BA-4A86-B3F8-38688C3D37A0}.Debug|Any CPU.Build.0 = Debug|Any CPU
		{99ABB459-83BA-4A86-B3F8-38688C3D37A0}.Release|Any CPU.ActiveCfg = Release|Any CPU
		{99ABB459-83BA-4A86-B3F8-38688C3D37A0}.Release|Any CPU.Build.0 = Release|Any CPU
		{32799049-2E36-44D8-B9AC-460E49E5DFCC}.Debug|Any CPU.ActiveCfg = Debug|Any CPU
		{32799049-2E36-44D8-B9AC-460E49E5DFCC}.Debug|Any CPU.Build.0 = Debug|Any CPU
		{32799049-2E36-44D8-B9AC-460E49E5DFCC}.Release|Any CPU.ActiveCfg = Release|Any CPU
		{32799049-2E36-44D8-B9AC-460E49E5DFCC}.Release|Any CPU.Build.0 = Release|Any CPU
	EndGlobalSection
	GlobalSection(SolutionProperties) = preSolution
		HideSolutionNode = FALSE
	EndGlobalSection
	GlobalSection(ExtensibilityGlobals) = postSolution
		SolutionGuid = {1A90624D-0675-4E37-BC73-79DDE0E11F4F}
	EndGlobalSection
EndGlobal
